
Microsoft Visual Studio Solution File, Format Version 12.00
# Visual Studio Version 16
VisualStudioVersion = 16.0.31410.357
MinimumVisualStudioVersion = 10.0.40219.1
Project("{8BC9CEB8-8B4A-11D0-8D11-00A0C91BC942}") = "02_Practice", "02_Practice\02_Practice.vcxproj", "{B3B7CB4C-AAE0-4818-86DA-4AD1AC9D66A4}"
EndProject
Project("{8BC9CEB8-8B4A-11D0-8D11-00A0C91BC942}") = "03-1_ArrayList", "ArrayList\ArrayList.vcxproj", "{339F733B-4298-473B-9179-278C8ABB68E0}"
EndProject
Project("{8BC9CEB8-8B4A-11D0-8D11-00A0C91BC942}") = "03-2_LinkedList", "LinkedList\LinkedList.vcxproj", "{A8EBC300-BDFD-442B-B1FE-894BCD835E41}"
EndProject
Project("{8BC9CEB8-8B4A-11D0-8D11-00A0C91BC942}") = "03-3_CircularList", "CircularList\CircularList.vcxproj", "{32814B35-1332-483B-BC6C-4109DF0AA6F4}"
EndProject
Project("{8BC9CEB8-8B4A-11D0-8D11-00A0C91BC942}") = "03-4_DoubleLinkedList", "DoubleLinkedList\DoubleLinkedList.vcxproj", "{D95B71A9-E905-48E2-B76E-95D7E0595E67}"
EndProject
Project("{8BC9CEB8-8B4A-11D0-8D11-00A0C91BC942}") = "03-5_LinkedListOptions", "LinkedListOptions\LinkedListOptions.vcxproj", "{6F12F13E-2686-4C40-8CF8-BFECF10885E0}"
EndProject
Project("{8BC9CEB8-8B4A-11D0-8D11-00A0C91BC942}") = "03-6_PolyList", "PolyList\PolyList.vcxproj", "{D90EE304-D756-4001-B43F-85F23E4B5821}"
EndProject
Project("{8BC9CEB8-8B4A-11D0-8D11-00A0C91BC942}") = "03_Practice", "03_Practice\03_Practice.vcxproj", "{A4C0C725-CA22-4E38-84D6-551BF1BA3F09}"
EndProject
Project("{8BC9CEB8-8B4A-11D0-8D11-00A0C91BC942}") = "04-1_ArrayStack", "ArrayStack\ArrayStack.vcxproj", "{9CDCD275-05D1-4830-A3FB-89B923DF639D}"
EndProject
Project("{8BC9CEB8-8B4A-11D0-8D11-00A0C91BC942}") = "04-2_LnkLstStack", "LnkLstStack\LnkLstStack.vcxproj", "{210810B0-25D0-4AA7-A6F1-860F2FCAC5B8}"
EndProject
Project("{8BC9CEB8-8B4A-11D0-8D11-00A0C91BC942}") = "04-3_StackUtil1", "StackUtil1\StackUtil1.vcxproj", "{CD58D264-0F04-4F8F-A626-EED5BEB85ACE}"
EndProject
Project("{8BC9CEB8-8B4A-11D0-8D11-00A0C91BC942}") = "04-4_StackUtil2", "StackUtil2\StackUtil2.vcxproj", "{9C29BB5D-8941-4C2B-8FED-A4D9BA17F294}"
EndProject
Project("{8BC9CEB8-8B4A-11D0-8D11-00A0C91BC942}") = "04-5_StackUtil3", "StackUtil3\StackUtil3.vcxproj", "{CE40B1B3-6921-49C7-B47C-DF32475AA6BB}"
EndProject
Project("{8BC9CEB8-8B4A-11D0-8D11-00A0C91BC942}") = "04_Practice01", "04_Practice01\04_Practice01.vcxproj", "{7E652E43-04FB-4084-B642-9D2D5788F07A}"
EndProject
Project("{8BC9CEB8-8B4A-11D0-8D11-00A0C91BC942}") = "04_practice02", "04_practice02\04_practice02.vcxproj", "{CA146A2C-61E7-40DA-A2CD-58C054195433}"
EndProject
Project("{8BC9CEB8-8B4A-11D0-8D11-00A0C91BC942}") = "04_practice03", "04_practice03\04_practice03.vcxproj", "{AF64EE54-5E29-4FC7-8B2B-23D0017B37A1}"
EndProject
Project("{2150E333-8FDC-42A3-9474-1A3956D46DE8}") = "02_CLang", "02_CLang", "{97899757-60C6-4C83-BE53-B289082EBAEC}"
EndProject
Project("{2150E333-8FDC-42A3-9474-1A3956D46DE8}") = "03_List", "03_List", "{4534F2E6-E045-47D6-81C6-1A616AD6D081}"
EndProject
Project("{2150E333-8FDC-42A3-9474-1A3956D46DE8}") = "04_Stack", "04_Stack", "{0ED21C70-A0FB-43D6-BB8E-6F30E4BA65C2}"
EndProject
Project("{2150E333-8FDC-42A3-9474-1A3956D46DE8}") = "05_Queue", "05_Queue", "{73625DC4-F45F-4389-9F52-17EE9EDFDA4C}"
EndProject
Project("{8BC9CEB8-8B4A-11D0-8D11-00A0C91BC942}") = "05-1_ArrayQueue", "05-1_ArrayQueue\05-1_ArrayQueue.vcxproj", "{B590B82D-BC9B-4790-BCD2-A3279E33E9B3}"
EndProject
Project("{8BC9CEB8-8B4A-11D0-8D11-00A0C91BC942}") = "05-2_ArrayCircularQueue", "ArrayCircularQueue\ArrayCircularQueue.vcxproj", "{3BCB0C97-3587-409E-AAD4-541DCFFF7C24}"
EndProject
Project("{8BC9CEB8-8B4A-11D0-8D11-00A0C91BC942}") = "05-3_LinkedQueue", "LinkedQueue\LinkedQueue.vcxproj", "{92F2BB06-E39D-4F61-9A27-EB063BE988B6}"
EndProject
Project("{8BC9CEB8-8B4A-11D0-8D11-00A0C91BC942}") = "05-4_Deque", "Deque\Deque.vcxproj", "{E234E59C-D759-473D-8175-39882CF779AC}"
EndProject
Project("{8BC9CEB8-8B4A-11D0-8D11-00A0C91BC942}") = "05-5_BankSim_Queue", "BankSim_Queue\BankSim_Queue.vcxproj", "{F9ACDA14-B2F0-47CB-A057-EA230F2BB927}"
EndProject
Project("{8BC9CEB8-8B4A-11D0-8D11-00A0C91BC942}") = "05_Practice", "05_Practice\05_Practice.vcxproj", "{1508178B-6E26-4D36-996C-7BBB015E1B58}"
EndProject
Project("{2150E333-8FDC-42A3-9474-1A3956D46DE8}") = "06_Recursion", "06_Recursion", "{05B2C9C6-5CF8-43DE-9DE7-6E6E8B24EE4B}"
EndProject
Project("{8BC9CEB8-8B4A-11D0-8D11-00A0C91BC942}") = "06-2_Fibonacci", "Fibonacci\Fibonacci.vcxproj", "{7002614A-3AD5-422A-9B67-5F091E04CF83}"
EndProject
Project("{8BC9CEB8-8B4A-11D0-8D11-00A0C91BC942}") = "06-1_Factorial", "Factorial\Factorial.vcxproj", "{A4D87009-B82E-4358-868A-D6F7F6F5F971}"
EndProject
Project("{8BC9CEB8-8B4A-11D0-8D11-00A0C91BC942}") = "06-3_Hanoi", "Hanoi\Hanoi.vcxproj", "{F7D5DC0E-4F66-430B-88FA-00644513F98F}"
EndProject
Project("{2150E333-8FDC-42A3-9474-1A3956D46DE8}") = "07_Tree", "07_Tree", "{D216E7E2-4C4B-444A-AB14-5C9C515E00B2}"
EndProject
Project("{8BC9CEB8-8B4A-11D0-8D11-00A0C91BC942}") = "07-1_BinaryTree", "BinaryTree\BinaryTree.vcxproj", "{7F9F46A3-7F96-4B4E-AAB0-750EBCC347DD}"
EndProject
Project("{8BC9CEB8-8B4A-11D0-8D11-00A0C91BC942}") = "07-2_BinTreeTraversalReculsive", "BinTreeTraversalReculsive\BinTreeTraversalReculsive.vcxproj", "{9037F43A-9BF3-481E-8DEC-DBAE94A553B6}"
EndProject
Project("{8BC9CEB8-8B4A-11D0-8D11-00A0C91BC942}") = "07-3_BinTreeTraversalIterate", "BinTreeTraversalIterate\BinTreeTraversalIterate.vcxproj", "{C0C63BD1-DB3E-4987-99A2-C5D457D77FEC}"
EndProject
Project("{8BC9CEB8-8B4A-11D0-8D11-00A0C91BC942}") = "07-4_BinTreeOperation", "BinTreeOperation\BinTreeOperation.vcxproj", "{BB428681-ECB6-4B64-9010-7BB4395D6D8A}"
EndProject
Project("{8BC9CEB8-8B4A-11D0-8D11-00A0C91BC942}") = "07-5_ArrayHeap", "ArrayHeap\ArrayHeap.vcxproj", "{001B369F-7696-43AC-AF71-FA231246643F}"
EndProject
Project("{8BC9CEB8-8B4A-11D0-8D11-00A0C91BC942}") = "07-6_BinSearchTree", "BinSearchTree\BinSearchTree.vcxproj", "{67928DDD-1BC8-497C-BF4C-D9FBBBA54119}"
EndProject
Project("{8BC9CEB8-8B4A-11D0-8D11-00A0C91BC942}") = "07_Practice01", "07_Practice01\07_Practice01.vcxproj", "{AE13BBB2-6DDC-4618-BFD0-CEADF717B49D}"
EndProject
Project("{8BC9CEB8-8B4A-11D0-8D11-00A0C91BC942}") = "07_Practice02", "07_Practice02\07_Practice02.vcxproj", "{C049E286-95D5-4CCE-A5A2-676637D4C7AA}"
EndProject
Project("{8BC9CEB8-8B4A-11D0-8D11-00A0C91BC942}") = "07_Practice03", "07_Practice03\07_Practice03.vcxproj", "{0A008A9A-8CE8-4C6F-8803-CF73F0438AE4}"
EndProject
Project("{2150E333-8FDC-42A3-9474-1A3956D46DE8}") = "08_Graph", "08_Graph", "{2348601B-7E93-497D-A383-0BCB2D528D33}"
EndProject
Project("{8BC9CEB8-8B4A-11D0-8D11-00A0C91BC942}") = "Graph", "Graph\Graph.vcxproj", "{096DC9B1-C9B1-4382-BBE5-F897C9453A9C}"
EndProject
Global
	GlobalSection(SolutionConfigurationPlatforms) = preSolution
		Debug|x64 = Debug|x64
		Debug|x86 = Debug|x86
		Release|x64 = Release|x64
		Release|x86 = Release|x86
	EndGlobalSection
	GlobalSection(ProjectConfigurationPlatforms) = postSolution
		{B3B7CB4C-AAE0-4818-86DA-4AD1AC9D66A4}.Debug|x64.ActiveCfg = Debug|x64
		{B3B7CB4C-AAE0-4818-86DA-4AD1AC9D66A4}.Debug|x64.Build.0 = Debug|x64
		{B3B7CB4C-AAE0-4818-86DA-4AD1AC9D66A4}.Debug|x86.ActiveCfg = Debug|Win32
		{B3B7CB4C-AAE0-4818-86DA-4AD1AC9D66A4}.Debug|x86.Build.0 = Debug|Win32
		{B3B7CB4C-AAE0-4818-86DA-4AD1AC9D66A4}.Release|x64.ActiveCfg = Release|x64
		{B3B7CB4C-AAE0-4818-86DA-4AD1AC9D66A4}.Release|x64.Build.0 = Release|x64
		{B3B7CB4C-AAE0-4818-86DA-4AD1AC9D66A4}.Release|x86.ActiveCfg = Release|Win32
		{B3B7CB4C-AAE0-4818-86DA-4AD1AC9D66A4}.Release|x86.Build.0 = Release|Win32
		{339F733B-4298-473B-9179-278C8ABB68E0}.Debug|x64.ActiveCfg = Debug|x64
		{339F733B-4298-473B-9179-278C8ABB68E0}.Debug|x64.Build.0 = Debug|x64
		{339F733B-4298-473B-9179-278C8ABB68E0}.Debug|x86.ActiveCfg = Debug|Win32
		{339F733B-4298-473B-9179-278C8ABB68E0}.Debug|x86.Build.0 = Debug|Win32
		{339F733B-4298-473B-9179-278C8ABB68E0}.Release|x64.ActiveCfg = Release|x64
		{339F733B-4298-473B-9179-278C8ABB68E0}.Release|x64.Build.0 = Release|x64
		{339F733B-4298-473B-9179-278C8ABB68E0}.Release|x86.ActiveCfg = Release|Win32
		{339F733B-4298-473B-9179-278C8ABB68E0}.Release|x86.Build.0 = Release|Win32
		{A8EBC300-BDFD-442B-B1FE-894BCD835E41}.Debug|x64.ActiveCfg = Debug|x64
		{A8EBC300-BDFD-442B-B1FE-894BCD835E41}.Debug|x64.Build.0 = Debug|x64
		{A8EBC300-BDFD-442B-B1FE-894BCD835E41}.Debug|x86.ActiveCfg = Debug|Win32
		{A8EBC300-BDFD-442B-B1FE-894BCD835E41}.Debug|x86.Build.0 = Debug|Win32
		{A8EBC300-BDFD-442B-B1FE-894BCD835E41}.Release|x64.ActiveCfg = Release|x64
		{A8EBC300-BDFD-442B-B1FE-894BCD835E41}.Release|x64.Build.0 = Release|x64
		{A8EBC300-BDFD-442B-B1FE-894BCD835E41}.Release|x86.ActiveCfg = Release|Win32
		{A8EBC300-BDFD-442B-B1FE-894BCD835E41}.Release|x86.Build.0 = Release|Win32
		{32814B35-1332-483B-BC6C-4109DF0AA6F4}.Debug|x64.ActiveCfg = Debug|x64
		{32814B35-1332-483B-BC6C-4109DF0AA6F4}.Debug|x64.Build.0 = Debug|x64
		{32814B35-1332-483B-BC6C-4109DF0AA6F4}.Debug|x86.ActiveCfg = Debug|Win32
		{32814B35-1332-483B-BC6C-4109DF0AA6F4}.Debug|x86.Build.0 = Debug|Win32
		{32814B35-1332-483B-BC6C-4109DF0AA6F4}.Release|x64.ActiveCfg = Release|x64
		{32814B35-1332-483B-BC6C-4109DF0AA6F4}.Release|x64.Build.0 = Release|x64
		{32814B35-1332-483B-BC6C-4109DF0AA6F4}.Release|x86.ActiveCfg = Release|Win32
		{32814B35-1332-483B-BC6C-4109DF0AA6F4}.Release|x86.Build.0 = Release|Win32
		{D95B71A9-E905-48E2-B76E-95D7E0595E67}.Debug|x64.ActiveCfg = Debug|x64
		{D95B71A9-E905-48E2-B76E-95D7E0595E67}.Debug|x64.Build.0 = Debug|x64
		{D95B71A9-E905-48E2-B76E-95D7E0595E67}.Debug|x86.ActiveCfg = Debug|Win32
		{D95B71A9-E905-48E2-B76E-95D7E0595E67}.Debug|x86.Build.0 = Debug|Win32
		{D95B71A9-E905-48E2-B76E-95D7E0595E67}.Release|x64.ActiveCfg = Release|x64
		{D95B71A9-E905-48E2-B76E-95D7E0595E67}.Release|x64.Build.0 = Release|x64
		{D95B71A9-E905-48E2-B76E-95D7E0595E67}.Release|x86.ActiveCfg = Release|Win32
		{D95B71A9-E905-48E2-B76E-95D7E0595E67}.Release|x86.Build.0 = Release|Win32
		{6F12F13E-2686-4C40-8CF8-BFECF10885E0}.Debug|x64.ActiveCfg = Debug|x64
		{6F12F13E-2686-4C40-8CF8-BFECF10885E0}.Debug|x64.Build.0 = Debug|x64
		{6F12F13E-2686-4C40-8CF8-BFECF10885E0}.Debug|x86.ActiveCfg = Debug|Win32
		{6F12F13E-2686-4C40-8CF8-BFECF10885E0}.Debug|x86.Build.0 = Debug|Win32
		{6F12F13E-2686-4C40-8CF8-BFECF10885E0}.Release|x64.ActiveCfg = Release|x64
		{6F12F13E-2686-4C40-8CF8-BFECF10885E0}.Release|x64.Build.0 = Release|x64
		{6F12F13E-2686-4C40-8CF8-BFECF10885E0}.Release|x86.ActiveCfg = Release|Win32
		{6F12F13E-2686-4C40-8CF8-BFECF10885E0}.Release|x86.Build.0 = Release|Win32
		{D90EE304-D756-4001-B43F-85F23E4B5821}.Debug|x64.ActiveCfg = Debug|x64
		{D90EE304-D756-4001-B43F-85F23E4B5821}.Debug|x64.Build.0 = Debug|x64
		{D90EE304-D756-4001-B43F-85F23E4B5821}.Debug|x86.ActiveCfg = Debug|Win32
		{D90EE304-D756-4001-B43F-85F23E4B5821}.Debug|x86.Build.0 = Debug|Win32
		{D90EE304-D756-4001-B43F-85F23E4B5821}.Release|x64.ActiveCfg = Release|x64
		{D90EE304-D756-4001-B43F-85F23E4B5821}.Release|x64.Build.0 = Release|x64
		{D90EE304-D756-4001-B43F-85F23E4B5821}.Release|x86.ActiveCfg = Release|Win32
		{D90EE304-D756-4001-B43F-85F23E4B5821}.Release|x86.Build.0 = Release|Win32
		{A4C0C725-CA22-4E38-84D6-551BF1BA3F09}.Debug|x64.ActiveCfg = Debug|x64
		{A4C0C725-CA22-4E38-84D6-551BF1BA3F09}.Debug|x64.Build.0 = Debug|x64
		{A4C0C725-CA22-4E38-84D6-551BF1BA3F09}.Debug|x86.ActiveCfg = Debug|Win32
		{A4C0C725-CA22-4E38-84D6-551BF1BA3F09}.Debug|x86.Build.0 = Debug|Win32
		{A4C0C725-CA22-4E38-84D6-551BF1BA3F09}.Release|x64.ActiveCfg = Release|x64
		{A4C0C725-CA22-4E38-84D6-551BF1BA3F09}.Release|x64.Build.0 = Release|x64
		{A4C0C725-CA22-4E38-84D6-551BF1BA3F09}.Release|x86.ActiveCfg = Release|Win32
		{A4C0C725-CA22-4E38-84D6-551BF1BA3F09}.Release|x86.Build.0 = Release|Win32
		{9CDCD275-05D1-4830-A3FB-89B923DF639D}.Debug|x64.ActiveCfg = Debug|x64
		{9CDCD275-05D1-4830-A3FB-89B923DF639D}.Debug|x64.Build.0 = Debug|x64
		{9CDCD275-05D1-4830-A3FB-89B923DF639D}.Debug|x86.ActiveCfg = Debug|Win32
		{9CDCD275-05D1-4830-A3FB-89B923DF639D}.Debug|x86.Build.0 = Debug|Win32
		{9CDCD275-05D1-4830-A3FB-89B923DF639D}.Release|x64.ActiveCfg = Release|x64
		{9CDCD275-05D1-4830-A3FB-89B923DF639D}.Release|x64.Build.0 = Release|x64
		{9CDCD275-05D1-4830-A3FB-89B923DF639D}.Release|x86.ActiveCfg = Release|Win32
		{9CDCD275-05D1-4830-A3FB-89B923DF639D}.Release|x86.Build.0 = Release|Win32
		{210810B0-25D0-4AA7-A6F1-860F2FCAC5B8}.Debug|x64.ActiveCfg = Debug|x64
		{210810B0-25D0-4AA7-A6F1-860F2FCAC5B8}.Debug|x64.Build.0 = Debug|x64
		{210810B0-25D0-4AA7-A6F1-860F2FCAC5B8}.Debug|x86.ActiveCfg = Debug|Win32
		{210810B0-25D0-4AA7-A6F1-860F2FCAC5B8}.Debug|x86.Build.0 = Debug|Win32
		{210810B0-25D0-4AA7-A6F1-860F2FCAC5B8}.Release|x64.ActiveCfg = Release|x64
		{210810B0-25D0-4AA7-A6F1-860F2FCAC5B8}.Release|x64.Build.0 = Release|x64
		{210810B0-25D0-4AA7-A6F1-860F2FCAC5B8}.Release|x86.ActiveCfg = Release|Win32
		{210810B0-25D0-4AA7-A6F1-860F2FCAC5B8}.Release|x86.Build.0 = Release|Win32
		{CD58D264-0F04-4F8F-A626-EED5BEB85ACE}.Debug|x64.ActiveCfg = Debug|x64
		{CD58D264-0F04-4F8F-A626-EED5BEB85ACE}.Debug|x64.Build.0 = Debug|x64
		{CD58D264-0F04-4F8F-A626-EED5BEB85ACE}.Debug|x86.ActiveCfg = Debug|Win32
		{CD58D264-0F04-4F8F-A626-EED5BEB85ACE}.Debug|x86.Build.0 = Debug|Win32
		{CD58D264-0F04-4F8F-A626-EED5BEB85ACE}.Release|x64.ActiveCfg = Release|x64
		{CD58D264-0F04-4F8F-A626-EED5BEB85ACE}.Release|x64.Build.0 = Release|x64
		{CD58D264-0F04-4F8F-A626-EED5BEB85ACE}.Release|x86.ActiveCfg = Release|Win32
		{CD58D264-0F04-4F8F-A626-EED5BEB85ACE}.Release|x86.Build.0 = Release|Win32
		{9C29BB5D-8941-4C2B-8FED-A4D9BA17F294}.Debug|x64.ActiveCfg = Debug|x64
		{9C29BB5D-8941-4C2B-8FED-A4D9BA17F294}.Debug|x64.Build.0 = Debug|x64
		{9C29BB5D-8941-4C2B-8FED-A4D9BA17F294}.Debug|x86.ActiveCfg = Debug|Win32
		{9C29BB5D-8941-4C2B-8FED-A4D9BA17F294}.Debug|x86.Build.0 = Debug|Win32
		{9C29BB5D-8941-4C2B-8FED-A4D9BA17F294}.Release|x64.ActiveCfg = Release|x64
		{9C29BB5D-8941-4C2B-8FED-A4D9BA17F294}.Release|x64.Build.0 = Release|x64
		{9C29BB5D-8941-4C2B-8FED-A4D9BA17F294}.Release|x86.ActiveCfg = Release|Win32
		{9C29BB5D-8941-4C2B-8FED-A4D9BA17F294}.Release|x86.Build.0 = Release|Win32
		{CE40B1B3-6921-49C7-B47C-DF32475AA6BB}.Debug|x64.ActiveCfg = Debug|x64
		{CE40B1B3-6921-49C7-B47C-DF32475AA6BB}.Debug|x64.Build.0 = Debug|x64
		{CE40B1B3-6921-49C7-B47C-DF32475AA6BB}.Debug|x86.ActiveCfg = Debug|Win32
		{CE40B1B3-6921-49C7-B47C-DF32475AA6BB}.Debug|x86.Build.0 = Debug|Win32
		{CE40B1B3-6921-49C7-B47C-DF32475AA6BB}.Release|x64.ActiveCfg = Release|x64
		{CE40B1B3-6921-49C7-B47C-DF32475AA6BB}.Release|x64.Build.0 = Release|x64
		{CE40B1B3-6921-49C7-B47C-DF32475AA6BB}.Release|x86.ActiveCfg = Release|Win32
		{CE40B1B3-6921-49C7-B47C-DF32475AA6BB}.Release|x86.Build.0 = Release|Win32
		{7E652E43-04FB-4084-B642-9D2D5788F07A}.Debug|x64.ActiveCfg = Debug|x64
		{7E652E43-04FB-4084-B642-9D2D5788F07A}.Debug|x64.Build.0 = Debug|x64
		{7E652E43-04FB-4084-B642-9D2D5788F07A}.Debug|x86.ActiveCfg = Debug|Win32
		{7E652E43-04FB-4084-B642-9D2D5788F07A}.Debug|x86.Build.0 = Debug|Win32
		{7E652E43-04FB-4084-B642-9D2D5788F07A}.Release|x64.ActiveCfg = Release|x64
		{7E652E43-04FB-4084-B642-9D2D5788F07A}.Release|x64.Build.0 = Release|x64
		{7E652E43-04FB-4084-B642-9D2D5788F07A}.Release|x86.ActiveCfg = Release|Win32
		{7E652E43-04FB-4084-B642-9D2D5788F07A}.Release|x86.Build.0 = Release|Win32
		{CA146A2C-61E7-40DA-A2CD-58C054195433}.Debug|x64.ActiveCfg = Debug|x64
		{CA146A2C-61E7-40DA-A2CD-58C054195433}.Debug|x64.Build.0 = Debug|x64
		{CA146A2C-61E7-40DA-A2CD-58C054195433}.Debug|x86.ActiveCfg = Debug|Win32
		{CA146A2C-61E7-40DA-A2CD-58C054195433}.Debug|x86.Build.0 = Debug|Win32
		{CA146A2C-61E7-40DA-A2CD-58C054195433}.Release|x64.ActiveCfg = Release|x64
		{CA146A2C-61E7-40DA-A2CD-58C054195433}.Release|x64.Build.0 = Release|x64
		{CA146A2C-61E7-40DA-A2CD-58C054195433}.Release|x86.ActiveCfg = Release|Win32
		{CA146A2C-61E7-40DA-A2CD-58C054195433}.Release|x86.Build.0 = Release|Win32
		{AF64EE54-5E29-4FC7-8B2B-23D0017B37A1}.Debug|x64.ActiveCfg = Debug|x64
		{AF64EE54-5E29-4FC7-8B2B-23D0017B37A1}.Debug|x64.Build.0 = Debug|x64
		{AF64EE54-5E29-4FC7-8B2B-23D0017B37A1}.Debug|x86.ActiveCfg = Debug|Win32
		{AF64EE54-5E29-4FC7-8B2B-23D0017B37A1}.Debug|x86.Build.0 = Debug|Win32
		{AF64EE54-5E29-4FC7-8B2B-23D0017B37A1}.Release|x64.ActiveCfg = Release|x64
		{AF64EE54-5E29-4FC7-8B2B-23D0017B37A1}.Release|x64.Build.0 = Release|x64
		{AF64EE54-5E29-4FC7-8B2B-23D0017B37A1}.Release|x86.ActiveCfg = Release|Win32
		{AF64EE54-5E29-4FC7-8B2B-23D0017B37A1}.Release|x86.Build.0 = Release|Win32
		{B590B82D-BC9B-4790-BCD2-A3279E33E9B3}.Debug|x64.ActiveCfg = Debug|x64
		{B590B82D-BC9B-4790-BCD2-A3279E33E9B3}.Debug|x64.Build.0 = Debug|x64
		{B590B82D-BC9B-4790-BCD2-A3279E33E9B3}.Debug|x86.ActiveCfg = Debug|Win32
		{B590B82D-BC9B-4790-BCD2-A3279E33E9B3}.Debug|x86.Build.0 = Debug|Win32
		{B590B82D-BC9B-4790-BCD2-A3279E33E9B3}.Release|x64.ActiveCfg = Release|x64
		{B590B82D-BC9B-4790-BCD2-A3279E33E9B3}.Release|x64.Build.0 = Release|x64
		{B590B82D-BC9B-4790-BCD2-A3279E33E9B3}.Release|x86.ActiveCfg = Release|Win32
		{B590B82D-BC9B-4790-BCD2-A3279E33E9B3}.Release|x86.Build.0 = Release|Win32
		{3BCB0C97-3587-409E-AAD4-541DCFFF7C24}.Debug|x64.ActiveCfg = Debug|x64
		{3BCB0C97-3587-409E-AAD4-541DCFFF7C24}.Debug|x64.Build.0 = Debug|x64
		{3BCB0C97-3587-409E-AAD4-541DCFFF7C24}.Debug|x86.ActiveCfg = Debug|Win32
		{3BCB0C97-3587-409E-AAD4-541DCFFF7C24}.Debug|x86.Build.0 = Debug|Win32
		{3BCB0C97-3587-409E-AAD4-541DCFFF7C24}.Release|x64.ActiveCfg = Release|x64
		{3BCB0C97-3587-409E-AAD4-541DCFFF7C24}.Release|x64.Build.0 = Release|x64
		{3BCB0C97-3587-409E-AAD4-541DCFFF7C24}.Release|x86.ActiveCfg = Release|Win32
		{3BCB0C97-3587-409E-AAD4-541DCFFF7C24}.Release|x86.Build.0 = Release|Win32
		{92F2BB06-E39D-4F61-9A27-EB063BE988B6}.Debug|x64.ActiveCfg = Debug|x64
		{92F2BB06-E39D-4F61-9A27-EB063BE988B6}.Debug|x64.Build.0 = Debug|x64
		{92F2BB06-E39D-4F61-9A27-EB063BE988B6}.Debug|x86.ActiveCfg = Debug|Win32
		{92F2BB06-E39D-4F61-9A27-EB063BE988B6}.Debug|x86.Build.0 = Debug|Win32
		{92F2BB06-E39D-4F61-9A27-EB063BE988B6}.Release|x64.ActiveCfg = Release|x64
		{92F2BB06-E39D-4F61-9A27-EB063BE988B6}.Release|x64.Build.0 = Release|x64
		{92F2BB06-E39D-4F61-9A27-EB063BE988B6}.Release|x86.ActiveCfg = Release|Win32
		{92F2BB06-E39D-4F61-9A27-EB063BE988B6}.Release|x86.Build.0 = Release|Win32
		{E234E59C-D759-473D-8175-39882CF779AC}.Debug|x64.ActiveCfg = Debug|x64
		{E234E59C-D759-473D-8175-39882CF779AC}.Debug|x64.Build.0 = Debug|x64
		{E234E59C-D759-473D-8175-39882CF779AC}.Debug|x86.ActiveCfg = Debug|Win32
		{E234E59C-D759-473D-8175-39882CF779AC}.Debug|x86.Build.0 = Debug|Win32
		{E234E59C-D759-473D-8175-39882CF779AC}.Release|x64.ActiveCfg = Release|x64
		{E234E59C-D759-473D-8175-39882CF779AC}.Release|x64.Build.0 = Release|x64
		{E234E59C-D759-473D-8175-39882CF779AC}.Release|x86.ActiveCfg = Release|Win32
		{E234E59C-D759-473D-8175-39882CF779AC}.Release|x86.Build.0 = Release|Win32
		{F9ACDA14-B2F0-47CB-A057-EA230F2BB927}.Debug|x64.ActiveCfg = Debug|x64
		{F9ACDA14-B2F0-47CB-A057-EA230F2BB927}.Debug|x64.Build.0 = Debug|x64
		{F9ACDA14-B2F0-47CB-A057-EA230F2BB927}.Debug|x86.ActiveCfg = Debug|Win32
		{F9ACDA14-B2F0-47CB-A057-EA230F2BB927}.Debug|x86.Build.0 = Debug|Win32
		{F9ACDA14-B2F0-47CB-A057-EA230F2BB927}.Release|x64.ActiveCfg = Release|x64
		{F9ACDA14-B2F0-47CB-A057-EA230F2BB927}.Release|x64.Build.0 = Release|x64
		{F9ACDA14-B2F0-47CB-A057-EA230F2BB927}.Release|x86.ActiveCfg = Release|Win32
		{F9ACDA14-B2F0-47CB-A057-EA230F2BB927}.Release|x86.Build.0 = Release|Win32
		{1508178B-6E26-4D36-996C-7BBB015E1B58}.Debug|x64.ActiveCfg = Debug|x64
		{1508178B-6E26-4D36-996C-7BBB015E1B58}.Debug|x64.Build.0 = Debug|x64
		{1508178B-6E26-4D36-996C-7BBB015E1B58}.Debug|x86.ActiveCfg = Debug|Win32
		{1508178B-6E26-4D36-996C-7BBB015E1B58}.Debug|x86.Build.0 = Debug|Win32
		{1508178B-6E26-4D36-996C-7BBB015E1B58}.Release|x64.ActiveCfg = Release|x64
		{1508178B-6E26-4D36-996C-7BBB015E1B58}.Release|x64.Build.0 = Release|x64
		{1508178B-6E26-4D36-996C-7BBB015E1B58}.Release|x86.ActiveCfg = Release|Win32
		{1508178B-6E26-4D36-996C-7BBB015E1B58}.Release|x86.Build.0 = Release|Win32
		{7002614A-3AD5-422A-9B67-5F091E04CF83}.Debug|x64.ActiveCfg = Debug|x64
		{7002614A-3AD5-422A-9B67-5F091E04CF83}.Debug|x64.Build.0 = Debug|x64
		{7002614A-3AD5-422A-9B67-5F091E04CF83}.Debug|x86.ActiveCfg = Debug|Win32
		{7002614A-3AD5-422A-9B67-5F091E04CF83}.Debug|x86.Build.0 = Debug|Win32
		{7002614A-3AD5-422A-9B67-5F091E04CF83}.Release|x64.ActiveCfg = Release|x64
		{7002614A-3AD5-422A-9B67-5F091E04CF83}.Release|x64.Build.0 = Release|x64
		{7002614A-3AD5-422A-9B67-5F091E04CF83}.Release|x86.ActiveCfg = Release|Win32
		{7002614A-3AD5-422A-9B67-5F091E04CF83}.Release|x86.Build.0 = Release|Win32
		{A4D87009-B82E-4358-868A-D6F7F6F5F971}.Debug|x64.ActiveCfg = Debug|x64
		{A4D87009-B82E-4358-868A-D6F7F6F5F971}.Debug|x64.Build.0 = Debug|x64
		{A4D87009-B82E-4358-868A-D6F7F6F5F971}.Debug|x86.ActiveCfg = Debug|Win32
		{A4D87009-B82E-4358-868A-D6F7F6F5F971}.Debug|x86.Build.0 = Debug|Win32
		{A4D87009-B82E-4358-868A-D6F7F6F5F971}.Release|x64.ActiveCfg = Release|x64
		{A4D87009-B82E-4358-868A-D6F7F6F5F971}.Release|x64.Build.0 = Release|x64
		{A4D87009-B82E-4358-868A-D6F7F6F5F971}.Release|x86.ActiveCfg = Release|Win32
		{A4D87009-B82E-4358-868A-D6F7F6F5F971}.Release|x86.Build.0 = Release|Win32
		{F7D5DC0E-4F66-430B-88FA-00644513F98F}.Debug|x64.ActiveCfg = Debug|x64
		{F7D5DC0E-4F66-430B-88FA-00644513F98F}.Debug|x64.Build.0 = Debug|x64
		{F7D5DC0E-4F66-430B-88FA-00644513F98F}.Debug|x86.ActiveCfg = Debug|Win32
		{F7D5DC0E-4F66-430B-88FA-00644513F98F}.Debug|x86.Build.0 = Debug|Win32
		{F7D5DC0E-4F66-430B-88FA-00644513F98F}.Release|x64.ActiveCfg = Release|x64
		{F7D5DC0E-4F66-430B-88FA-00644513F98F}.Release|x64.Build.0 = Release|x64
		{F7D5DC0E-4F66-430B-88FA-00644513F98F}.Release|x86.ActiveCfg = Release|Win32
		{F7D5DC0E-4F66-430B-88FA-00644513F98F}.Release|x86.Build.0 = Release|Win32
		{7F9F46A3-7F96-4B4E-AAB0-750EBCC347DD}.Debug|x64.ActiveCfg = Debug|x64
		{7F9F46A3-7F96-4B4E-AAB0-750EBCC347DD}.Debug|x64.Build.0 = Debug|x64
		{7F9F46A3-7F96-4B4E-AAB0-750EBCC347DD}.Debug|x86.ActiveCfg = Debug|Win32
		{7F9F46A3-7F96-4B4E-AAB0-750EBCC347DD}.Debug|x86.Build.0 = Debug|Win32
		{7F9F46A3-7F96-4B4E-AAB0-750EBCC347DD}.Release|x64.ActiveCfg = Release|x64
		{7F9F46A3-7F96-4B4E-AAB0-750EBCC347DD}.Release|x64.Build.0 = Release|x64
		{7F9F46A3-7F96-4B4E-AAB0-750EBCC347DD}.Release|x86.ActiveCfg = Release|Win32
		{7F9F46A3-7F96-4B4E-AAB0-750EBCC347DD}.Release|x86.Build.0 = Release|Win32
		{9037F43A-9BF3-481E-8DEC-DBAE94A553B6}.Debug|x64.ActiveCfg = Debug|x64
		{9037F43A-9BF3-481E-8DEC-DBAE94A553B6}.Debug|x64.Build.0 = Debug|x64
		{9037F43A-9BF3-481E-8DEC-DBAE94A553B6}.Debug|x86.ActiveCfg = Debug|Win32
		{9037F43A-9BF3-481E-8DEC-DBAE94A553B6}.Debug|x86.Build.0 = Debug|Win32
		{9037F43A-9BF3-481E-8DEC-DBAE94A553B6}.Release|x64.ActiveCfg = Release|x64
		{9037F43A-9BF3-481E-8DEC-DBAE94A553B6}.Release|x64.Build.0 = Release|x64
		{9037F43A-9BF3-481E-8DEC-DBAE94A553B6}.Release|x86.ActiveCfg = Release|Win32
		{9037F43A-9BF3-481E-8DEC-DBAE94A553B6}.Release|x86.Build.0 = Release|Win32
		{C0C63BD1-DB3E-4987-99A2-C5D457D77FEC}.Debug|x64.ActiveCfg = Debug|x64
		{C0C63BD1-DB3E-4987-99A2-C5D457D77FEC}.Debug|x64.Build.0 = Debug|x64
		{C0C63BD1-DB3E-4987-99A2-C5D457D77FEC}.Debug|x86.ActiveCfg = Debug|Win32
		{C0C63BD1-DB3E-4987-99A2-C5D457D77FEC}.Debug|x86.Build.0 = Debug|Win32
		{C0C63BD1-DB3E-4987-99A2-C5D457D77FEC}.Release|x64.ActiveCfg = Release|x64
		{C0C63BD1-DB3E-4987-99A2-C5D457D77FEC}.Release|x64.Build.0 = Release|x64
		{C0C63BD1-DB3E-4987-99A2-C5D457D77FEC}.Release|x86.ActiveCfg = Release|Win32
		{C0C63BD1-DB3E-4987-99A2-C5D457D77FEC}.Release|x86.Build.0 = Release|Win32
		{BB428681-ECB6-4B64-9010-7BB4395D6D8A}.Debug|x64.ActiveCfg = Debug|x64
		{BB428681-ECB6-4B64-9010-7BB4395D6D8A}.Debug|x64.Build.0 = Debug|x64
		{BB428681-ECB6-4B64-9010-7BB4395D6D8A}.Debug|x86.ActiveCfg = Debug|Win32
		{BB428681-ECB6-4B64-9010-7BB4395D6D8A}.Debug|x86.Build.0 = Debug|Win32
		{BB428681-ECB6-4B64-9010-7BB4395D6D8A}.Release|x64.ActiveCfg = Release|x64
		{BB428681-ECB6-4B64-9010-7BB4395D6D8A}.Release|x64.Build.0 = Release|x64
		{BB428681-ECB6-4B64-9010-7BB4395D6D8A}.Release|x86.ActiveCfg = Release|Win32
		{BB428681-ECB6-4B64-9010-7BB4395D6D8A}.Release|x86.Build.0 = Release|Win32
		{001B369F-7696-43AC-AF71-FA231246643F}.Debug|x64.ActiveCfg = Debug|x64
		{001B369F-7696-43AC-AF71-FA231246643F}.Debug|x64.Build.0 = Debug|x64
		{001B369F-7696-43AC-AF71-FA231246643F}.Debug|x86.ActiveCfg = Debug|Win32
		{001B369F-7696-43AC-AF71-FA231246643F}.Debug|x86.Build.0 = Debug|Win32
		{001B369F-7696-43AC-AF71-FA231246643F}.Release|x64.ActiveCfg = Release|x64
		{001B369F-7696-43AC-AF71-FA231246643F}.Release|x64.Build.0 = Release|x64
		{001B369F-7696-43AC-AF71-FA231246643F}.Release|x86.ActiveCfg = Release|Win32
		{001B369F-7696-43AC-AF71-FA231246643F}.Release|x86.Build.0 = Release|Win32
		{67928DDD-1BC8-497C-BF4C-D9FBBBA54119}.Debug|x64.ActiveCfg = Debug|x64
		{67928DDD-1BC8-497C-BF4C-D9FBBBA54119}.Debug|x64.Build.0 = Debug|x64
		{67928DDD-1BC8-497C-BF4C-D9FBBBA54119}.Debug|x86.ActiveCfg = Debug|Win32
		{67928DDD-1BC8-497C-BF4C-D9FBBBA54119}.Debug|x86.Build.0 = Debug|Win32
		{67928DDD-1BC8-497C-BF4C-D9FBBBA54119}.Release|x64.ActiveCfg = Release|x64
		{67928DDD-1BC8-497C-BF4C-D9FBBBA54119}.Release|x64.Build.0 = Release|x64
		{67928DDD-1BC8-497C-BF4C-D9FBBBA54119}.Release|x86.ActiveCfg = Release|Win32
		{67928DDD-1BC8-497C-BF4C-D9FBBBA54119}.Release|x86.Build.0 = Release|Win32
		{AE13BBB2-6DDC-4618-BFD0-CEADF717B49D}.Debug|x64.ActiveCfg = Debug|x64
		{AE13BBB2-6DDC-4618-BFD0-CEADF717B49D}.Debug|x64.Build.0 = Debug|x64
		{AE13BBB2-6DDC-4618-BFD0-CEADF717B49D}.Debug|x86.ActiveCfg = Debug|Win32
		{AE13BBB2-6DDC-4618-BFD0-CEADF717B49D}.Debug|x86.Build.0 = Debug|Win32
		{AE13BBB2-6DDC-4618-BFD0-CEADF717B49D}.Release|x64.ActiveCfg = Release|x64
		{AE13BBB2-6DDC-4618-BFD0-CEADF717B49D}.Release|x64.Build.0 = Release|x64
		{AE13BBB2-6DDC-4618-BFD0-CEADF717B49D}.Release|x86.ActiveCfg = Release|Win32
		{AE13BBB2-6DDC-4618-BFD0-CEADF717B49D}.Release|x86.Build.0 = Release|Win32
		{C049E286-95D5-4CCE-A5A2-676637D4C7AA}.Debug|x64.ActiveCfg = Debug|x64
		{C049E286-95D5-4CCE-A5A2-676637D4C7AA}.Debug|x64.Build.0 = Debug|x64
		{C049E286-95D5-4CCE-A5A2-676637D4C7AA}.Debug|x86.ActiveCfg = Debug|Win32
		{C049E286-95D5-4CCE-A5A2-676637D4C7AA}.Debug|x86.Build.0 = Debug|Win32
		{C049E286-95D5-4CCE-A5A2-676637D4C7AA}.Release|x64.ActiveCfg = Release|x64
		{C049E286-95D5-4CCE-A5A2-676637D4C7AA}.Release|x64.Build.0 = Release|x64
		{C049E286-95D5-4CCE-A5A2-676637D4C7AA}.Release|x86.ActiveCfg = Release|Win32
		{C049E286-95D5-4CCE-A5A2-676637D4C7AA}.Release|x86.Build.0 = Release|Win32
		{0A008A9A-8CE8-4C6F-8803-CF73F0438AE4}.Debug|x64.ActiveCfg = Debug|x64
		{0A008A9A-8CE8-4C6F-8803-CF73F0438AE4}.Debug|x64.Build.0 = Debug|x64
		{0A008A9A-8CE8-4C6F-8803-CF73F0438AE4}.Debug|x86.ActiveCfg = Debug|Win32
		{0A008A9A-8CE8-4C6F-8803-CF73F0438AE4}.Debug|x86.Build.0 = Debug|Win32
		{0A008A9A-8CE8-4C6F-8803-CF73F0438AE4}.Release|x64.ActiveCfg = Release|x64
		{0A008A9A-8CE8-4C6F-8803-CF73F0438AE4}.Release|x64.Build.0 = Release|x64
		{0A008A9A-8CE8-4C6F-8803-CF73F0438AE4}.Release|x86.ActiveCfg = Release|Win32
		{0A008A9A-8CE8-4C6F-8803-CF73F0438AE4}.Release|x86.Build.0 = Release|Win32
		{096DC9B1-C9B1-4382-BBE5-F897C9453A9C}.Debug|x64.ActiveCfg = Debug|x64
		{096DC9B1-C9B1-4382-BBE5-F897C9453A9C}.Debug|x64.Build.0 = Debug|x64
		{096DC9B1-C9B1-4382-BBE5-F897C9453A9C}.Debug|x86.ActiveCfg = Debug|Win32
		{096DC9B1-C9B1-4382-BBE5-F897C9453A9C}.Debug|x86.Build.0 = Debug|Win32
		{096DC9B1-C9B1-4382-BBE5-F897C9453A9C}.Release|x64.ActiveCfg = Release|x64
		{096DC9B1-C9B1-4382-BBE5-F897C9453A9C}.Release|x64.Build.0 = Release|x64
		{096DC9B1-C9B1-4382-BBE5-F897C9453A9C}.Release|x86.ActiveCfg = Release|Win32
		{096DC9B1-C9B1-4382-BBE5-F897C9453A9C}.Release|x86.Build.0 = Release|Win32
	EndGlobalSection
	GlobalSection(SolutionProperties) = preSolution
		HideSolutionNode = FALSE
	EndGlobalSection
	GlobalSection(NestedProjects) = preSolution
		{B3B7CB4C-AAE0-4818-86DA-4AD1AC9D66A4} = {97899757-60C6-4C83-BE53-B289082EBAEC}
		{339F733B-4298-473B-9179-278C8ABB68E0} = {4534F2E6-E045-47D6-81C6-1A616AD6D081}
		{A8EBC300-BDFD-442B-B1FE-894BCD835E41} = {4534F2E6-E045-47D6-81C6-1A616AD6D081}
		{32814B35-1332-483B-BC6C-4109DF0AA6F4} = {4534F2E6-E045-47D6-81C6-1A616AD6D081}
		{D95B71A9-E905-48E2-B76E-95D7E0595E67} = {4534F2E6-E045-47D6-81C6-1A616AD6D081}
		{6F12F13E-2686-4C40-8CF8-BFECF10885E0} = {4534F2E6-E045-47D6-81C6-1A616AD6D081}
		{D90EE304-D756-4001-B43F-85F23E4B5821} = {4534F2E6-E045-47D6-81C6-1A616AD6D081}
		{A4C0C725-CA22-4E38-84D6-551BF1BA3F09} = {4534F2E6-E045-47D6-81C6-1A616AD6D081}
		{9CDCD275-05D1-4830-A3FB-89B923DF639D} = {0ED21C70-A0FB-43D6-BB8E-6F30E4BA65C2}
		{210810B0-25D0-4AA7-A6F1-860F2FCAC5B8} = {0ED21C70-A0FB-43D6-BB8E-6F30E4BA65C2}
		{CD58D264-0F04-4F8F-A626-EED5BEB85ACE} = {0ED21C70-A0FB-43D6-BB8E-6F30E4BA65C2}
		{9C29BB5D-8941-4C2B-8FED-A4D9BA17F294} = {0ED21C70-A0FB-43D6-BB8E-6F30E4BA65C2}
		{CE40B1B3-6921-49C7-B47C-DF32475AA6BB} = {0ED21C70-A0FB-43D6-BB8E-6F30E4BA65C2}
		{7E652E43-04FB-4084-B642-9D2D5788F07A} = {0ED21C70-A0FB-43D6-BB8E-6F30E4BA65C2}
		{CA146A2C-61E7-40DA-A2CD-58C054195433} = {0ED21C70-A0FB-43D6-BB8E-6F30E4BA65C2}
		{AF64EE54-5E29-4FC7-8B2B-23D0017B37A1} = {0ED21C70-A0FB-43D6-BB8E-6F30E4BA65C2}
		{B590B82D-BC9B-4790-BCD2-A3279E33E9B3} = {73625DC4-F45F-4389-9F52-17EE9EDFDA4C}
		{3BCB0C97-3587-409E-AAD4-541DCFFF7C24} = {73625DC4-F45F-4389-9F52-17EE9EDFDA4C}
		{92F2BB06-E39D-4F61-9A27-EB063BE988B6} = {73625DC4-F45F-4389-9F52-17EE9EDFDA4C}
		{E234E59C-D759-473D-8175-39882CF779AC} = {73625DC4-F45F-4389-9F52-17EE9EDFDA4C}
		{F9ACDA14-B2F0-47CB-A057-EA230F2BB927} = {73625DC4-F45F-4389-9F52-17EE9EDFDA4C}
		{1508178B-6E26-4D36-996C-7BBB015E1B58} = {73625DC4-F45F-4389-9F52-17EE9EDFDA4C}
		{7002614A-3AD5-422A-9B67-5F091E04CF83} = {05B2C9C6-5CF8-43DE-9DE7-6E6E8B24EE4B}
		{A4D87009-B82E-4358-868A-D6F7F6F5F971} = {05B2C9C6-5CF8-43DE-9DE7-6E6E8B24EE4B}
		{F7D5DC0E-4F66-430B-88FA-00644513F98F} = {05B2C9C6-5CF8-43DE-9DE7-6E6E8B24EE4B}
		{7F9F46A3-7F96-4B4E-AAB0-750EBCC347DD} = {D216E7E2-4C4B-444A-AB14-5C9C515E00B2}
		{9037F43A-9BF3-481E-8DEC-DBAE94A553B6} = {D216E7E2-4C4B-444A-AB14-5C9C515E00B2}
		{C0C63BD1-DB3E-4987-99A2-C5D457D77FEC} = {D216E7E2-4C4B-444A-AB14-5C9C515E00B2}
		{BB428681-ECB6-4B64-9010-7BB4395D6D8A} = {D216E7E2-4C4B-444A-AB14-5C9C515E00B2}
		{001B369F-7696-43AC-AF71-FA231246643F} = {D216E7E2-4C4B-444A-AB14-5C9C515E00B2}
		{67928DDD-1BC8-497C-BF4C-D9FBBBA54119} = {D216E7E2-4C4B-444A-AB14-5C9C515E00B2}
		{AE13BBB2-6DDC-4618-BFD0-CEADF717B49D} = {D216E7E2-4C4B-444A-AB14-5C9C515E00B2}
		{C049E286-95D5-4CCE-A5A2-676637D4C7AA} = {D216E7E2-4C4B-444A-AB14-5C9C515E00B2}
		{0A008A9A-8CE8-4C6F-8803-CF73F0438AE4} = {D216E7E2-4C4B-444A-AB14-5C9C515E00B2}
		{096DC9B1-C9B1-4382-BBE5-F897C9453A9C} = {2348601B-7E93-497D-A383-0BCB2D528D33}
	EndGlobalSection
	GlobalSection(ExtensibilityGlobals) = postSolution
		SolutionGuid = {1E62AE3B-34D9-433B-A43B-C484C7B34BCF}
	EndGlobalSection
EndGlobal
