
Microsoft Visual Studio Solution File, Format Version 12.00
# Visual Studio Version 16
VisualStudioVersion = 16.0.31410.357
MinimumVisualStudioVersion = 10.0.40219.1
Project("{8BC9CEB8-8B4A-11D0-8D11-00A0C91BC942}") = "02_Practice", "02_Practice\02_Practice.vcxproj", "{B3B7CB4C-AAE0-4818-86DA-4AD1AC9D66A4}"
EndProject
Project("{8BC9CEB8-8B4A-11D0-8D11-00A0C91BC942}") = "03-1_ArrayList", "ArrayList\ArrayList.vcxproj", "{339F733B-4298-473B-9179-278C8ABB68E0}"
EndProject
Project("{8BC9CEB8-8B4A-11D0-8D11-00A0C91BC942}") = "03-2_LinkedList", "LinkedList\LinkedList.vcxproj", "{A8EBC300-BDFD-442B-B1FE-894BCD835E41}"
EndProject
Project("{8BC9CEB8-8B4A-11D0-8D11-00A0C91BC942}") = "03-3CircularList", "CircularList\CircularList.vcxproj", "{32814B35-1332-483B-BC6C-4109DF0AA6F4}"
EndProject
Project("{8BC9CEB8-8B4A-11D0-8D11-00A0C91BC942}") = "DoubleLinkedList", "DoubleLinkedList\DoubleLinkedList.vcxproj", "{D95B71A9-E905-48E2-B76E-95D7E0595E67}"
EndProject
Global
	GlobalSection(SolutionConfigurationPlatforms) = preSolution
		Debug|x64 = Debug|x64
		Debug|x86 = Debug|x86
		Release|x64 = Release|x64
		Release|x86 = Release|x86
	EndGlobalSection
	GlobalSection(ProjectConfigurationPlatforms) = postSolution
		{B3B7CB4C-AAE0-4818-86DA-4AD1AC9D66A4}.Debug|x64.ActiveCfg = Debug|x64
		{B3B7CB4C-AAE0-4818-86DA-4AD1AC9D66A4}.Debug|x64.Build.0 = Debug|x64
		{B3B7CB4C-AAE0-4818-86DA-4AD1AC9D66A4}.Debug|x86.ActiveCfg = Debug|Win32
		{B3B7CB4C-AAE0-4818-86DA-4AD1AC9D66A4}.Debug|x86.Build.0 = Debug|Win32
		{B3B7CB4C-AAE0-4818-86DA-4AD1AC9D66A4}.Release|x64.ActiveCfg = Release|x64
		{B3B7CB4C-AAE0-4818-86DA-4AD1AC9D66A4}.Release|x64.Build.0 = Release|x64
		{B3B7CB4C-AAE0-4818-86DA-4AD1AC9D66A4}.Release|x86.ActiveCfg = Release|Win32
		{B3B7CB4C-AAE0-4818-86DA-4AD1AC9D66A4}.Release|x86.Build.0 = Release|Win32
		{339F733B-4298-473B-9179-278C8ABB68E0}.Debug|x64.ActiveCfg = Debug|x64
		{339F733B-4298-473B-9179-278C8ABB68E0}.Debug|x64.Build.0 = Debug|x64
		{339F733B-4298-473B-9179-278C8ABB68E0}.Debug|x86.ActiveCfg = Debug|Win32
		{339F733B-4298-473B-9179-278C8ABB68E0}.Debug|x86.Build.0 = Debug|Win32
		{339F733B-4298-473B-9179-278C8ABB68E0}.Release|x64.ActiveCfg = Release|x64
		{339F733B-4298-473B-9179-278C8ABB68E0}.Release|x64.Build.0 = Release|x64
		{339F733B-4298-473B-9179-278C8ABB68E0}.Release|x86.ActiveCfg = Release|Win32
		{339F733B-4298-473B-9179-278C8ABB68E0}.Release|x86.Build.0 = Release|Win32
		{A8EBC300-BDFD-442B-B1FE-894BCD835E41}.Debug|x64.ActiveCfg = Debug|x64
		{A8EBC300-BDFD-442B-B1FE-894BCD835E41}.Debug|x64.Build.0 = Debug|x64
		{A8EBC300-BDFD-442B-B1FE-894BCD835E41}.Debug|x86.ActiveCfg = Debug|Win32
		{A8EBC300-BDFD-442B-B1FE-894BCD835E41}.Debug|x86.Build.0 = Debug|Win32
		{A8EBC300-BDFD-442B-B1FE-894BCD835E41}.Release|x64.ActiveCfg = Release|x64
		{A8EBC300-BDFD-442B-B1FE-894BCD835E41}.Release|x64.Build.0 = Release|x64
		{A8EBC300-BDFD-442B-B1FE-894BCD835E41}.Release|x86.ActiveCfg = Release|Win32
		{A8EBC300-BDFD-442B-B1FE-894BCD835E41}.Release|x86.Build.0 = Release|Win32
		{32814B35-1332-483B-BC6C-4109DF0AA6F4}.Debug|x64.ActiveCfg = Debug|x64
		{32814B35-1332-483B-BC6C-4109DF0AA6F4}.Debug|x64.Build.0 = Debug|x64
		{32814B35-1332-483B-BC6C-4109DF0AA6F4}.Debug|x86.ActiveCfg = Debug|Win32
		{32814B35-1332-483B-BC6C-4109DF0AA6F4}.Debug|x86.Build.0 = Debug|Win32
		{32814B35-1332-483B-BC6C-4109DF0AA6F4}.Release|x64.ActiveCfg = Release|x64
		{32814B35-1332-483B-BC6C-4109DF0AA6F4}.Release|x64.Build.0 = Release|x64
		{32814B35-1332-483B-BC6C-4109DF0AA6F4}.Release|x86.ActiveCfg = Release|Win32
		{32814B35-1332-483B-BC6C-4109DF0AA6F4}.Release|x86.Build.0 = Release|Win32
		{D95B71A9-E905-48E2-B76E-95D7E0595E67}.Debug|x64.ActiveCfg = Debug|x64
		{D95B71A9-E905-48E2-B76E-95D7E0595E67}.Debug|x64.Build.0 = Debug|x64
		{D95B71A9-E905-48E2-B76E-95D7E0595E67}.Debug|x86.ActiveCfg = Debug|Win32
		{D95B71A9-E905-48E2-B76E-95D7E0595E67}.Debug|x86.Build.0 = Debug|Win32
		{D95B71A9-E905-48E2-B76E-95D7E0595E67}.Release|x64.ActiveCfg = Release|x64
		{D95B71A9-E905-48E2-B76E-95D7E0595E67}.Release|x64.Build.0 = Release|x64
		{D95B71A9-E905-48E2-B76E-95D7E0595E67}.Release|x86.ActiveCfg = Release|Win32
		{D95B71A9-E905-48E2-B76E-95D7E0595E67}.Release|x86.Build.0 = Release|Win32
	EndGlobalSection
	GlobalSection(SolutionProperties) = preSolution
		HideSolutionNode = FALSE
	EndGlobalSection
	GlobalSection(ExtensibilityGlobals) = postSolution
		SolutionGuid = {1E62AE3B-34D9-433B-A43B-C484C7B34BCF}
	EndGlobalSection
EndGlobal
